
Microsoft Visual Studio Solution File, Format Version 12.00
# Visual Studio Version 16
VisualStudioVersion = 16.0.31702.278
MinimumVisualStudioVersion = 10.0.40219.1
Project("{FAE04EC0-301F-11D3-BF4B-00C04F79EFBC}") = "OBrien_Final", "OBrien_Final\OBrien_Final.csproj", "{0749AD11-B4CD-4A72-B344-34680E8E13FF}"
EndProject
Global
	GlobalSection(SolutionConfigurationPlatforms) = preSolution
		Debug|Any CPU = Debug|Any CPU
		Release|Any CPU = Release|Any CPU
	EndGlobalSection
	GlobalSection(ProjectConfigurationPlatforms) = postSolution
		{0749AD11-B4CD-4A72-B344-34680E8E13FF}.Debug|Any CPU.ActiveCfg = Debug|Any CPU
		{0749AD11-B4CD-4A72-B344-34680E8E13FF}.Debug|Any CPU.Build.0 = Debug|Any CPU
		{0749AD11-B4CD-4A72-B344-34680E8E13FF}.Release|Any CPU.ActiveCfg = Release|Any CPU
		{0749AD11-B4CD-4A72-B344-34680E8E13FF}.Release|Any CPU.Build.0 = Release|Any CPU
	EndGlobalSection
	GlobalSection(SolutionProperties) = preSolution
		HideSolutionNode = FALSE
	EndGlobalSection
	GlobalSection(ExtensibilityGlobals) = postSolution
		SolutionGuid = {1E1193B8-A2F6-4FD0-A398-ED47C1447624}
	EndGlobalSection
EndGlobal
