
Microsoft Visual Studio Solution File, Format Version 12.00
# Visual Studio Version 16
VisualStudioVersion = 16.0.31624.102
MinimumVisualStudioVersion = 10.0.40219.1
Project("{FAE04EC0-301F-11D3-BF4B-00C04F79EFBC}") = "EventDemo", "EventDemo\EventDemo.csproj", "{36A33CC3-4472-4FB6-91B8-9C6FFA660446}"
EndProject
Global
	GlobalSection(SolutionConfigurationPlatforms) = preSolution
		Debug|Any CPU = Debug|Any CPU
		Release|Any CPU = Release|Any CPU
	EndGlobalSection
	GlobalSection(ProjectConfigurationPlatforms) = postSolution
		{36A33CC3-4472-4FB6-91B8-9C6FFA660446}.Debug|Any CPU.ActiveCfg = Debug|Any CPU
		{36A33CC3-4472-4FB6-91B8-9C6FFA660446}.Debug|Any CPU.Build.0 = Debug|Any CPU
		{36A33CC3-4472-4FB6-91B8-9C6FFA660446}.Release|Any CPU.ActiveCfg = Release|Any CPU
		{36A33CC3-4472-4FB6-91B8-9C6FFA660446}.Release|Any CPU.Build.0 = Release|Any CPU
	EndGlobalSection
	GlobalSection(SolutionProperties) = preSolution
		HideSolutionNode = FALSE
	EndGlobalSection
	GlobalSection(ExtensibilityGlobals) = postSolution
		SolutionGuid = {7CA67A35-FB62-4285-9D76-6D842EE6F056}
	EndGlobalSection
EndGlobal
