
Microsoft Visual Studio Solution File, Format Version 12.00
# Visual Studio Version 16
VisualStudioVersion = 16.0.31702.278
MinimumVisualStudioVersion = 10.0.40219.1
Project("{FAE04EC0-301F-11D3-BF4B-00C04F79EFBC}") = "OBrien_Chalenge7", "OBrien_Chalenge7\OBrien_Chalenge7.csproj", "{872D2DA8-BD23-44E6-86C7-76D97E985407}"
EndProject
Global
	GlobalSection(SolutionConfigurationPlatforms) = preSolution
		Debug|Any CPU = Debug|Any CPU
		Release|Any CPU = Release|Any CPU
	EndGlobalSection
	GlobalSection(ProjectConfigurationPlatforms) = postSolution
		{872D2DA8-BD23-44E6-86C7-76D97E985407}.Debug|Any CPU.ActiveCfg = Debug|Any CPU
		{872D2DA8-BD23-44E6-86C7-76D97E985407}.Debug|Any CPU.Build.0 = Debug|Any CPU
		{872D2DA8-BD23-44E6-86C7-76D97E985407}.Release|Any CPU.ActiveCfg = Release|Any CPU
		{872D2DA8-BD23-44E6-86C7-76D97E985407}.Release|Any CPU.Build.0 = Release|Any CPU
	EndGlobalSection
	GlobalSection(SolutionProperties) = preSolution
		HideSolutionNode = FALSE
	EndGlobalSection
	GlobalSection(ExtensibilityGlobals) = postSolution
		SolutionGuid = {9C92097E-5B18-4933-8B95-B857D3EFF75D}
	EndGlobalSection
EndGlobal
