
Microsoft Visual Studio Solution File, Format Version 12.00
# Visual Studio Version 16
VisualStudioVersion = 16.0.31624.102
MinimumVisualStudioVersion = 10.0.40219.1
Project("{FAE04EC0-301F-11D3-BF4B-00C04F79EFBC}") = "AlienChal", "AlienChal\AlienChal.csproj", "{24263612-61B9-4065-A1BF-D3A1A345BBBE}"
EndProject
Global
	GlobalSection(SolutionConfigurationPlatforms) = preSolution
		Debug|Any CPU = Debug|Any CPU
		Release|Any CPU = Release|Any CPU
	EndGlobalSection
	GlobalSection(ProjectConfigurationPlatforms) = postSolution
		{24263612-61B9-4065-A1BF-D3A1A345BBBE}.Debug|Any CPU.ActiveCfg = Debug|Any CPU
		{24263612-61B9-4065-A1BF-D3A1A345BBBE}.Debug|Any CPU.Build.0 = Debug|Any CPU
		{24263612-61B9-4065-A1BF-D3A1A345BBBE}.Release|Any CPU.ActiveCfg = Release|Any CPU
		{24263612-61B9-4065-A1BF-D3A1A345BBBE}.Release|Any CPU.Build.0 = Release|Any CPU
	EndGlobalSection
	GlobalSection(SolutionProperties) = preSolution
		HideSolutionNode = FALSE
	EndGlobalSection
	GlobalSection(ExtensibilityGlobals) = postSolution
		SolutionGuid = {D83ECFD8-7199-4993-94D7-BF2C1761568E}
	EndGlobalSection
EndGlobal
