
Microsoft Visual Studio Solution File, Format Version 12.00
# Visual Studio Version 16
VisualStudioVersion = 16.0.31624.102
MinimumVisualStudioVersion = 10.0.40219.1
Project("{FAE04EC0-301F-11D3-BF4B-00C04F79EFBC}") = "ChallengeOne", "ChallengeOne\ChallengeOne.csproj", "{407CC5C5-956F-44D6-B901-DCC18B7D2DC5}"
EndProject
Global
	GlobalSection(SolutionConfigurationPlatforms) = preSolution
		Debug|Any CPU = Debug|Any CPU
		Release|Any CPU = Release|Any CPU
	EndGlobalSection
	GlobalSection(ProjectConfigurationPlatforms) = postSolution
		{407CC5C5-956F-44D6-B901-DCC18B7D2DC5}.Debug|Any CPU.ActiveCfg = Debug|Any CPU
		{407CC5C5-956F-44D6-B901-DCC18B7D2DC5}.Debug|Any CPU.Build.0 = Debug|Any CPU
		{407CC5C5-956F-44D6-B901-DCC18B7D2DC5}.Release|Any CPU.ActiveCfg = Release|Any CPU
		{407CC5C5-956F-44D6-B901-DCC18B7D2DC5}.Release|Any CPU.Build.0 = Release|Any CPU
	EndGlobalSection
	GlobalSection(SolutionProperties) = preSolution
		HideSolutionNode = FALSE
	EndGlobalSection
	GlobalSection(ExtensibilityGlobals) = postSolution
		SolutionGuid = {7CBC2712-4F31-4768-B411-19011549FCA0}
	EndGlobalSection
EndGlobal
