
Microsoft Visual Studio Solution File, Format Version 12.00
# Visual Studio Version 16
VisualStudioVersion = 16.0.31624.102
MinimumVisualStudioVersion = 10.0.40219.1
Project("{FAE04EC0-301F-11D3-BF4B-00C04F79EFBC}") = "BattleShipOBrien", "BattleShipOBrien\BattleShipOBrien.csproj", "{DC02F12C-B162-4E16-8769-5DB0EE912104}"
EndProject
Global
	GlobalSection(SolutionConfigurationPlatforms) = preSolution
		Debug|Any CPU = Debug|Any CPU
		Release|Any CPU = Release|Any CPU
	EndGlobalSection
	GlobalSection(ProjectConfigurationPlatforms) = postSolution
		{DC02F12C-B162-4E16-8769-5DB0EE912104}.Debug|Any CPU.ActiveCfg = Debug|Any CPU
		{DC02F12C-B162-4E16-8769-5DB0EE912104}.Debug|Any CPU.Build.0 = Debug|Any CPU
		{DC02F12C-B162-4E16-8769-5DB0EE912104}.Release|Any CPU.ActiveCfg = Release|Any CPU
		{DC02F12C-B162-4E16-8769-5DB0EE912104}.Release|Any CPU.Build.0 = Release|Any CPU
	EndGlobalSection
	GlobalSection(SolutionProperties) = preSolution
		HideSolutionNode = FALSE
	EndGlobalSection
	GlobalSection(ExtensibilityGlobals) = postSolution
		SolutionGuid = {5BD77BE9-60AD-4EA7-83F6-3A4A3EECF0F8}
	EndGlobalSection
EndGlobal
